
Microsoft Visual Studio Solution File, Format Version 12.00
# Visual Studio Version 16
VisualStudioVersion = 16.0.30517.126
MinimumVisualStudioVersion = 10.0.40219.1
Project("{8BC9CEB8-8B4A-11D0-8D11-00A0C91BC942}") = "Beginner Problems", "Beginner Problems.vcxproj", "{9414CE78-65EA-4D37-B792-CC745AEAE33E}"
EndProject
Global
	GlobalSection(SolutionConfigurationPlatforms) = preSolution
		Debug|x64 = Debug|x64
		Debug|x86 = Debug|x86
		Release|x64 = Release|x64
		Release|x86 = Release|x86
	EndGlobalSection
	GlobalSection(ProjectConfigurationPlatforms) = postSolution
		{9414CE78-65EA-4D37-B792-CC745AEAE33E}.Debug|x64.ActiveCfg = Debug|x64
		{9414CE78-65EA-4D37-B792-CC745AEAE33E}.Debug|x64.Build.0 = Debug|x64
		{9414CE78-65EA-4D37-B792-CC745AEAE33E}.Debug|x86.ActiveCfg = Debug|Win32
		{9414CE78-65EA-4D37-B792-CC745AEAE33E}.Debug|x86.Build.0 = Debug|Win32
		{9414CE78-65EA-4D37-B792-CC745AEAE33E}.Release|x64.ActiveCfg = Release|x64
		{9414CE78-65EA-4D37-B792-CC745AEAE33E}.Release|x64.Build.0 = Release|x64
		{9414CE78-65EA-4D37-B792-CC745AEAE33E}.Release|x86.ActiveCfg = Release|Win32
		{9414CE78-65EA-4D37-B792-CC745AEAE33E}.Release|x86.Build.0 = Release|Win32
	EndGlobalSection
	GlobalSection(SolutionProperties) = preSolution
		HideSolutionNode = FALSE
	EndGlobalSection
	GlobalSection(ExtensibilityGlobals) = postSolution
		SolutionGuid = {09338544-1E8E-4845-89FD-975565C486DD}
	EndGlobalSection
EndGlobal
